
Microsoft Visual Studio Solution File, Format Version 12.00
# Visual Studio Version 17
VisualStudioVersion = 17.6.33723.286
MinimumVisualStudioVersion = 10.0.40219.1
Project("{9A19103F-16F7-4668-BE54-9A1E7A4F7556}") = "Jogo_Tecnicas", "Jogo-Tecnicas\Jogo_Tecnicas.csproj", "{EE190D53-B36C-45CD-BB1F-5C29CDBF197C}"
EndProject
Global
	GlobalSection(SolutionConfigurationPlatforms) = preSolution
		Debug|Any CPU = Debug|Any CPU
		Release|Any CPU = Release|Any CPU
	EndGlobalSection
	GlobalSection(ProjectConfigurationPlatforms) = postSolution
		{EE190D53-B36C-45CD-BB1F-5C29CDBF197C}.Debug|Any CPU.ActiveCfg = Debug|Any CPU
		{EE190D53-B36C-45CD-BB1F-5C29CDBF197C}.Debug|Any CPU.Build.0 = Debug|Any CPU
		{EE190D53-B36C-45CD-BB1F-5C29CDBF197C}.Release|Any CPU.ActiveCfg = Release|Any CPU
		{EE190D53-B36C-45CD-BB1F-5C29CDBF197C}.Release|Any CPU.Build.0 = Release|Any CPU
	EndGlobalSection
	GlobalSection(SolutionProperties) = preSolution
		HideSolutionNode = FALSE
	EndGlobalSection
	GlobalSection(ExtensibilityGlobals) = postSolution
		SolutionGuid = {6AB91DDD-5D72-40EE-839E-628E3AF4EACC}
	EndGlobalSection
EndGlobal
